{
  "version": 4,
  "terraform_version": "1.9.4",
  "serial": 5,
  "lineage": "af0b9ff1-db33-3f08-1d5c-bfa58911083e",
  "outputs": {},
  "resources": [
    {
      "module": "module.network_securitygroup",
      "mode": "managed",
      "type": "azurerm_network_security_group",
      "name": "nsg_block",
      "provider": "provider[\"registry.terraform.io/hashicorp/azurerm\"]",
      "instances": [
        {
          "index_key": "nsg1",
          "schema_version": 0,
          "attributes": {
            "id": "/subscriptions/49f3fa73-fe64-4e1f-a778-99838c18b08e/resourceGroups/rg-hub-dev/providers/Microsoft.Network/networkSecurityGroups/nsg-hub-dev",
            "location": "centralindia",
            "name": "nsg-hub-dev",
            "resource_group_name": "rg-hub-dev",
            "security_rule": [],
            "tags": null,
            "timeouts": null
          },
          "sensitive_attributes": [],
          "private": "eyJlMmJmYjczMC1lY2FhLTExZTYtOGY4OC0zNDM2M2JjN2M0YzAiOnsiY3JlYXRlIjoxODAwMDAwMDAwMDAwLCJkZWxldGUiOjE4MDAwMDAwMDAwMDAsInJlYWQiOjMwMDAwMDAwMDAwMCwidXBkYXRlIjoxODAwMDAwMDAwMDAwfX0=",
          "dependencies": [
            "module.resource_group.azurerm_resource_group.rg_block",
            "module.subnet.azurerm_subnet.subnet_block",
            "module.virtualnetwork.azurerm_virtual_network.vnet_block"
          ]
        }
      ]
    },
    {
      "module": "module.resource_group",
      "mode": "managed",
      "type": "azurerm_resource_group",
      "name": "rg_block",
      "provider": "provider[\"registry.terraform.io/hashicorp/azurerm\"]",
      "instances": [
        {
          "index_key": "rg1",
          "schema_version": 0,
          "attributes": {
            "id": "/subscriptions/49f3fa73-fe64-4e1f-a778-99838c18b08e/resourceGroups/rg-hub-dev",
            "location": "centralindia",
            "managed_by": "",
            "name": "rg-hub-dev",
            "tags": null,
            "timeouts": null
          },
          "sensitive_attributes": [],
          "private": "eyJlMmJmYjczMC1lY2FhLTExZTYtOGY4OC0zNDM2M2JjN2M0YzAiOnsiY3JlYXRlIjo1NDAwMDAwMDAwMDAwLCJkZWxldGUiOjU0MDAwMDAwMDAwMDAsInJlYWQiOjMwMDAwMDAwMDAwMCwidXBkYXRlIjo1NDAwMDAwMDAwMDAwfX0="
        }
      ]
    },
    {
      "module": "module.subnet",
      "mode": "managed",
      "type": "azurerm_subnet",
      "name": "subnet_block",
      "provider": "provider[\"registry.terraform.io/hashicorp/azurerm\"]",
      "instances": [
        {
          "index_key": "subnets1",
          "schema_version": 0,
          "attributes": {
            "address_prefixes": [
              "10.0.1.0/24"
            ],
            "default_outbound_access_enabled": true,
            "delegation": [],
            "id": "/subscriptions/49f3fa73-fe64-4e1f-a778-99838c18b08e/resourceGroups/rg-hub-dev/providers/Microsoft.Network/virtualNetworks/vnet-hub-dev/subnets/app-subnet",
            "ip_address_pool": [],
            "name": "app-subnet",
            "network_security_group_id": "",
            "network_security_group_id_wo": null,
            "network_security_group_id_wo_version": 0,
            "private_endpoint_network_policies": "Disabled",
            "private_link_service_network_policies_enabled": true,
            "resource_group_name": "rg-hub-dev",
            "route_table_id": "",
            "route_table_id_wo": null,
            "route_table_id_wo_version": 0,
            "service_endpoint": [],
            "service_endpoint_policy_ids": null,
            "sharing_scope": "",
            "timeouts": null,
            "virtual_network_name": "vnet-hub-dev"
          },
          "sensitive_attributes": [],
          "private": "eyJlMmJmYjczMC1lY2FhLTExZTYtOGY4OC0zNDM2M2JjN2M0YzAiOnsiY3JlYXRlIjoxODAwMDAwMDAwMDAwLCJkZWxldGUiOjE4MDAwMDAwMDAwMDAsInJlYWQiOjMwMDAwMDAwMDAwMCwidXBkYXRlIjoxODAwMDAwMDAwMDAwfX0=",
          "dependencies": [
            "module.resource_group.azurerm_resource_group.rg_block",
            "module.virtualnetwork.azurerm_virtual_network.vnet_block"
          ]
        }
      ]
    },
    {
      "module": "module.virtualnetwork",
      "mode": "managed",
      "type": "azurerm_virtual_network",
      "name": "vnet_block",
      "provider": "provider[\"registry.terraform.io/hashicorp/azurerm\"]",
      "instances": [
        {
          "index_key": "vnet1",
          "schema_version": 0,
          "attributes": {
            "address_space": [
              "10.0.0.0/16"
            ],
            "bgp_community": "",
            "ddos_protection_plan": [],
            "dns_servers": [],
            "edge_zone": "",
            "encryption": [],
            "flow_timeout_in_minutes": 0,
            "guid": "e30bf99c-8826-4866-b0fa-5f2945ea162a",
            "id": "/subscriptions/49f3fa73-fe64-4e1f-a778-99838c18b08e/resourceGroups/rg-hub-dev/providers/Microsoft.Network/virtualNetworks/vnet-hub-dev",
            "ip_address_pool": [],
            "location": "centralindia",
            "name": "vnet-hub-dev",
            "private_endpoint_vnet_policies": "Disabled",
            "resource_group_name": "rg-hub-dev",
            "subnet": [],
            "tags": null,
            "timeouts": null
          },
          "sensitive_attributes": [],
          "private": "eyJlMmJmYjczMC1lY2FhLTExZTYtOGY4OC0zNDM2M2JjN2M0YzAiOnsiY3JlYXRlIjoxODAwMDAwMDAwMDAwLCJkZWxldGUiOjE4MDAwMDAwMDAwMDAsInJlYWQiOjMwMDAwMDAwMDAwMCwidXBkYXRlIjoxODAwMDAwMDAwMDAwfX0=",
          "dependencies": [
            "module.resource_group.azurerm_resource_group.rg_block"
          ]
        }
      ]
    }
  ],
  "check_results": null
}
