{
  "version": 4,
  "terraform_version": "1.9.4",
  "serial": 71,
  "lineage": "1ba1ad88-7642-cb38-cbe5-f79b3994524a",
  "outputs": {},
  "resources": [
    {
      "module": "module.network_interface",
      "mode": "data",
      "type": "azurerm_public_ip",
      "name": "public_ip",
      "provider": "provider[\"registry.terraform.io/hashicorp/azurerm\"]",
      "instances": [
        {
          "index_key": "backend",
          "schema_version": 0,
          "attributes": {
            "allocation_method": "Static",
            "ddos_protection_mode": "VirtualNetworkInherited",
            "ddos_protection_plan_id": null,
            "domain_name_label": "",
            "fqdn": "",
            "id": "/subscriptions/7e2f7ebf-5ecb-4eb7-b323-9c9b4dc33557/resourceGroups/rg-hub-dev/providers/Microsoft.Network/publicIPAddresses/backend-ip",
            "idle_timeout_in_minutes": 4,
            "ip_address": "20.169.235.66",
            "ip_tags": {},
            "ip_version": "IPv4",
            "location": "eastus",
            "name": "backend-ip",
            "resource_group_name": "rg-hub-dev",
            "reverse_fqdn": "",
            "sku": "Standard",
            "tags": {},
            "timeouts": null,
            "zones": []
          },
          "sensitive_attributes": []
        },
        {
          "index_key": "database",
          "schema_version": 0,
          "attributes": {
            "allocation_method": "Static",
            "ddos_protection_mode": "VirtualNetworkInherited",
            "ddos_protection_plan_id": null,
            "domain_name_label": "",
            "fqdn": "",
            "id": "/subscriptions/7e2f7ebf-5ecb-4eb7-b323-9c9b4dc33557/resourceGroups/rg-hub-dev/providers/Microsoft.Network/publicIPAddresses/database-ip",
            "idle_timeout_in_minutes": 4,
            "ip_address": "20.172.252.33",
            "ip_tags": {},
            "ip_version": "IPv4",
            "location": "eastus",
            "name": "database-ip",
            "resource_group_name": "rg-hub-dev",
            "reverse_fqdn": "",
            "sku": "Standard",
            "tags": {},
            "timeouts": null,
            "zones": []
          },
          "sensitive_attributes": []
        },
        {
          "index_key": "frontend",
          "schema_version": 0,
          "attributes": {
            "allocation_method": "Static",
            "ddos_protection_mode": "VirtualNetworkInherited",
            "ddos_protection_plan_id": null,
            "domain_name_label": "",
            "fqdn": "",
            "id": "/subscriptions/7e2f7ebf-5ecb-4eb7-b323-9c9b4dc33557/resourceGroups/rg-hub-dev/providers/Microsoft.Network/publicIPAddresses/frontend-ip",
            "idle_timeout_in_minutes": 4,
            "ip_address": "20.231.85.26",
            "ip_tags": {},
            "ip_version": "IPv4",
            "location": "eastus",
            "name": "frontend-ip",
            "resource_group_name": "rg-hub-dev",
            "reverse_fqdn": "",
            "sku": "Standard",
            "tags": {},
            "timeouts": null,
            "zones": []
          },
          "sensitive_attributes": []
        }
      ]
    },
    {
      "module": "module.network_interface",
      "mode": "data",
      "type": "azurerm_subnet",
      "name": "subnet",
      "provider": "provider[\"registry.terraform.io/hashicorp/azurerm\"]",
      "instances": [
        {
          "index_key": "backend",
          "schema_version": 0,
          "attributes": {
            "address_prefix": "",
            "address_prefixes": [
              "10.0.2.0/24"
            ],
            "default_outbound_access_enabled": true,
            "id": "/subscriptions/7e2f7ebf-5ecb-4eb7-b323-9c9b4dc33557/resourceGroups/rg-hub-dev/providers/Microsoft.Network/virtualNetworks/vnet-hub-dev/subnets/backend-subnet",
            "name": "backend-subnet",
            "network_security_group_id": "",
            "private_endpoint_network_policies": "Disabled",
            "private_link_service_network_policies_enabled": true,
            "resource_group_name": "rg-hub-dev",
            "route_table_id": "",
            "service_endpoint": [],
            "timeouts": null,
            "virtual_network_name": "vnet-hub-dev"
          },
          "sensitive_attributes": []
        },
        {
          "index_key": "database",
          "schema_version": 0,
          "attributes": {
            "address_prefix": "",
            "address_prefixes": [
              "10.0.3.0/24"
            ],
            "default_outbound_access_enabled": true,
            "id": "/subscriptions/7e2f7ebf-5ecb-4eb7-b323-9c9b4dc33557/resourceGroups/rg-hub-dev/providers/Microsoft.Network/virtualNetworks/vnet-hub-dev/subnets/database-subnet",
            "name": "database-subnet",
            "network_security_group_id": "",
            "private_endpoint_network_policies": "Disabled",
            "private_link_service_network_policies_enabled": true,
            "resource_group_name": "rg-hub-dev",
            "route_table_id": "",
            "service_endpoint": [],
            "timeouts": null,
            "virtual_network_name": "vnet-hub-dev"
          },
          "sensitive_attributes": []
        },
        {
          "index_key": "frontend",
          "schema_version": 0,
          "attributes": {
            "address_prefix": "",
            "address_prefixes": [
              "10.0.1.0/24"
            ],
            "default_outbound_access_enabled": true,
            "id": "/subscriptions/7e2f7ebf-5ecb-4eb7-b323-9c9b4dc33557/resourceGroups/rg-hub-dev/providers/Microsoft.Network/virtualNetworks/vnet-hub-dev/subnets/frontend-subnet",
            "name": "frontend-subnet",
            "network_security_group_id": "",
            "private_endpoint_network_policies": "Disabled",
            "private_link_service_network_policies_enabled": true,
            "resource_group_name": "rg-hub-dev",
            "route_table_id": "",
            "service_endpoint": [],
            "timeouts": null,
            "virtual_network_name": "vnet-hub-dev"
          },
          "sensitive_attributes": []
        }
      ]
    },
    {
      "module": "module.network_interface",
      "mode": "managed",
      "type": "azurerm_network_interface",
      "name": "nic",
      "provider": "provider[\"registry.terraform.io/hashicorp/azurerm\"]",
      "instances": [
        {
          "index_key": "backend",
          "schema_version": 0,
          "attributes": {
            "accelerated_networking_enabled": false,
            "applied_dns_servers": [],
            "auxiliary_mode": "",
            "auxiliary_sku": "",
            "dns_servers": null,
            "edge_zone": "",
            "id": "/subscriptions/7e2f7ebf-5ecb-4eb7-b323-9c9b4dc33557/resourceGroups/rg-hub-dev/providers/Microsoft.Network/networkInterfaces/backend-nic",
            "internal_dns_name_label": "",
            "internal_domain_name_suffix": "0pggdmdh110uhjd2klf1utxbug.bx.internal.cloudapp.net",
            "ip_configuration": [
              {
                "gateway_load_balancer_frontend_ip_configuration_id": "",
                "name": "ipconfig",
                "primary": true,
                "private_ip_address": "10.0.2.4",
                "private_ip_address_allocation": "Dynamic",
                "private_ip_address_version": "IPv4",
                "public_ip_address_id": "/subscriptions/7e2f7ebf-5ecb-4eb7-b323-9c9b4dc33557/resourceGroups/rg-hub-dev/providers/Microsoft.Network/publicIPAddresses/backend-ip",
                "subnet_id": "/subscriptions/7e2f7ebf-5ecb-4eb7-b323-9c9b4dc33557/resourceGroups/rg-hub-dev/providers/Microsoft.Network/virtualNetworks/vnet-hub-dev/subnets/backend-subnet"
              }
            ],
            "ip_forwarding_enabled": false,
            "location": "eastus",
            "mac_address": "",
            "name": "backend-nic",
            "private_ip_address": "10.0.2.4",
            "private_ip_addresses": [
              "10.0.2.4"
            ],
            "resource_group_name": "rg-hub-dev",
            "tags": null,
            "timeouts": null,
            "virtual_machine_id": ""
          },
          "sensitive_attributes": [],
          "private": "eyJlMmJmYjczMC1lY2FhLTExZTYtOGY4OC0zNDM2M2JjN2M0YzAiOnsiY3JlYXRlIjoxODAwMDAwMDAwMDAwLCJkZWxldGUiOjE4MDAwMDAwMDAwMDAsInJlYWQiOjMwMDAwMDAwMDAwMCwidXBkYXRlIjoxODAwMDAwMDAwMDAwfX0=",
          "dependencies": [
            "module.network_interface.data.azurerm_public_ip.public_ip",
            "module.network_interface.data.azurerm_subnet.subnet",
            "module.public_ip.azurerm_public_ip.public_ip",
            "module.resource_group.azurerm_resource_group.rg_block",
            "module.subnet.azurerm_subnet.subnet_block",
            "module.virtualnetwork.azurerm_virtual_network.vnet_block"
          ]
        },
        {
          "index_key": "database",
          "schema_version": 0,
          "attributes": {
            "accelerated_networking_enabled": false,
            "applied_dns_servers": [],
            "auxiliary_mode": "",
            "auxiliary_sku": "",
            "dns_servers": null,
            "edge_zone": "",
            "id": "/subscriptions/7e2f7ebf-5ecb-4eb7-b323-9c9b4dc33557/resourceGroups/rg-hub-dev/providers/Microsoft.Network/networkInterfaces/database-nic",
            "internal_dns_name_label": "",
            "internal_domain_name_suffix": "0pggdmdh110uhjd2klf1utxbug.bx.internal.cloudapp.net",
            "ip_configuration": [
              {
                "gateway_load_balancer_frontend_ip_configuration_id": "",
                "name": "ipconfig",
                "primary": true,
                "private_ip_address": "10.0.3.4",
                "private_ip_address_allocation": "Dynamic",
                "private_ip_address_version": "IPv4",
                "public_ip_address_id": "/subscriptions/7e2f7ebf-5ecb-4eb7-b323-9c9b4dc33557/resourceGroups/rg-hub-dev/providers/Microsoft.Network/publicIPAddresses/database-ip",
                "subnet_id": "/subscriptions/7e2f7ebf-5ecb-4eb7-b323-9c9b4dc33557/resourceGroups/rg-hub-dev/providers/Microsoft.Network/virtualNetworks/vnet-hub-dev/subnets/database-subnet"
              }
            ],
            "ip_forwarding_enabled": false,
            "location": "eastus",
            "mac_address": "",
            "name": "database-nic",
            "private_ip_address": "10.0.3.4",
            "private_ip_addresses": [
              "10.0.3.4"
            ],
            "resource_group_name": "rg-hub-dev",
            "tags": null,
            "timeouts": null,
            "virtual_machine_id": ""
          },
          "sensitive_attributes": [],
          "private": "eyJlMmJmYjczMC1lY2FhLTExZTYtOGY4OC0zNDM2M2JjN2M0YzAiOnsiY3JlYXRlIjoxODAwMDAwMDAwMDAwLCJkZWxldGUiOjE4MDAwMDAwMDAwMDAsInJlYWQiOjMwMDAwMDAwMDAwMCwidXBkYXRlIjoxODAwMDAwMDAwMDAwfX0=",
          "dependencies": [
            "module.network_interface.data.azurerm_public_ip.public_ip",
            "module.network_interface.data.azurerm_subnet.subnet",
            "module.public_ip.azurerm_public_ip.public_ip",
            "module.resource_group.azurerm_resource_group.rg_block",
            "module.subnet.azurerm_subnet.subnet_block",
            "module.virtualnetwork.azurerm_virtual_network.vnet_block"
          ]
        },
        {
          "index_key": "frontend",
          "schema_version": 0,
          "attributes": {
            "accelerated_networking_enabled": false,
            "applied_dns_servers": [],
            "auxiliary_mode": "",
            "auxiliary_sku": "",
            "dns_servers": null,
            "edge_zone": "",
            "id": "/subscriptions/7e2f7ebf-5ecb-4eb7-b323-9c9b4dc33557/resourceGroups/rg-hub-dev/providers/Microsoft.Network/networkInterfaces/frontend-nic",
            "internal_dns_name_label": "",
            "internal_domain_name_suffix": "0pggdmdh110uhjd2klf1utxbug.bx.internal.cloudapp.net",
            "ip_configuration": [
              {
                "gateway_load_balancer_frontend_ip_configuration_id": "",
                "name": "ipconfig",
                "primary": true,
                "private_ip_address": "10.0.1.4",
                "private_ip_address_allocation": "Dynamic",
                "private_ip_address_version": "IPv4",
                "public_ip_address_id": "/subscriptions/7e2f7ebf-5ecb-4eb7-b323-9c9b4dc33557/resourceGroups/rg-hub-dev/providers/Microsoft.Network/publicIPAddresses/frontend-ip",
                "subnet_id": "/subscriptions/7e2f7ebf-5ecb-4eb7-b323-9c9b4dc33557/resourceGroups/rg-hub-dev/providers/Microsoft.Network/virtualNetworks/vnet-hub-dev/subnets/frontend-subnet"
              }
            ],
            "ip_forwarding_enabled": false,
            "location": "eastus",
            "mac_address": "",
            "name": "frontend-nic",
            "private_ip_address": "10.0.1.4",
            "private_ip_addresses": [
              "10.0.1.4"
            ],
            "resource_group_name": "rg-hub-dev",
            "tags": null,
            "timeouts": null,
            "virtual_machine_id": ""
          },
          "sensitive_attributes": [],
          "private": "eyJlMmJmYjczMC1lY2FhLTExZTYtOGY4OC0zNDM2M2JjN2M0YzAiOnsiY3JlYXRlIjoxODAwMDAwMDAwMDAwLCJkZWxldGUiOjE4MDAwMDAwMDAwMDAsInJlYWQiOjMwMDAwMDAwMDAwMCwidXBkYXRlIjoxODAwMDAwMDAwMDAwfX0=",
          "dependencies": [
            "module.network_interface.data.azurerm_public_ip.public_ip",
            "module.network_interface.data.azurerm_subnet.subnet",
            "module.public_ip.azurerm_public_ip.public_ip",
            "module.resource_group.azurerm_resource_group.rg_block",
            "module.subnet.azurerm_subnet.subnet_block",
            "module.virtualnetwork.azurerm_virtual_network.vnet_block"
          ]
        }
      ]
    },
    {
      "module": "module.network_securitygroup",
      "mode": "managed",
      "type": "azurerm_network_security_group",
      "name": "nsg_block",
      "provider": "provider[\"registry.terraform.io/hashicorp/azurerm\"]",
      "instances": [
        {
          "index_key": "nsg1",
          "schema_version": 0,
          "attributes": {
            "id": "/subscriptions/7e2f7ebf-5ecb-4eb7-b323-9c9b4dc33557/resourceGroups/rg-hub-dev/providers/Microsoft.Network/networkSecurityGroups/nsg-hub-dev",
            "location": "eastus",
            "name": "nsg-hub-dev",
            "resource_group_name": "rg-hub-dev",
            "security_rule": [],
            "tags": {},
            "timeouts": null
          },
          "sensitive_attributes": [],
          "private": "eyJlMmJmYjczMC1lY2FhLTExZTYtOGY4OC0zNDM2M2JjN2M0YzAiOnsiY3JlYXRlIjoxODAwMDAwMDAwMDAwLCJkZWxldGUiOjE4MDAwMDAwMDAwMDAsInJlYWQiOjMwMDAwMDAwMDAwMCwidXBkYXRlIjoxODAwMDAwMDAwMDAwfSwic2NoZW1hX3ZlcnNpb24iOiIwIn0=",
          "dependencies": [
            "module.resource_group.azurerm_resource_group.rg_block",
            "module.subnet.azurerm_subnet.subnet_block",
            "module.virtualnetwork.azurerm_virtual_network.vnet_block"
          ]
        }
      ]
    },
    {
      "module": "module.public_ip",
      "mode": "managed",
      "type": "azurerm_public_ip",
      "name": "public_ip",
      "provider": "provider[\"registry.terraform.io/hashicorp/azurerm\"]",
      "instances": [
        {
          "index_key": "backend",
          "schema_version": 0,
          "attributes": {
            "allocation_method": "Static",
            "ddos_protection_mode": "VirtualNetworkInherited",
            "ddos_protection_plan_id": null,
            "domain_name_label": "",
            "domain_name_label_scope": "",
            "edge_zone": "",
            "fqdn": "",
            "id": "/subscriptions/7e2f7ebf-5ecb-4eb7-b323-9c9b4dc33557/resourceGroups/rg-hub-dev/providers/Microsoft.Network/publicIPAddresses/backend-ip",
            "idle_timeout_in_minutes": 4,
            "ip_address": "20.169.235.66",
            "ip_tags": {},
            "ip_version": "IPv4",
            "location": "eastus",
            "name": "backend-ip",
            "public_ip_prefix_id": null,
            "resource_group_name": "rg-hub-dev",
            "reverse_fqdn": "",
            "sku": "Standard",
            "sku_tier": "Regional",
            "tags": {},
            "timeouts": null,
            "zones": []
          },
          "sensitive_attributes": [],
          "private": "eyJlMmJmYjczMC1lY2FhLTExZTYtOGY4OC0zNDM2M2JjN2M0YzAiOnsiY3JlYXRlIjoxODAwMDAwMDAwMDAwLCJkZWxldGUiOjE4MDAwMDAwMDAwMDAsInJlYWQiOjMwMDAwMDAwMDAwMCwidXBkYXRlIjoxODAwMDAwMDAwMDAwfSwic2NoZW1hX3ZlcnNpb24iOiIwIn0=",
          "dependencies": [
            "module.resource_group.azurerm_resource_group.rg_block"
          ]
        },
        {
          "index_key": "database",
          "schema_version": 0,
          "attributes": {
            "allocation_method": "Static",
            "ddos_protection_mode": "VirtualNetworkInherited",
            "ddos_protection_plan_id": null,
            "domain_name_label": "",
            "domain_name_label_scope": "",
            "edge_zone": "",
            "fqdn": "",
            "id": "/subscriptions/7e2f7ebf-5ecb-4eb7-b323-9c9b4dc33557/resourceGroups/rg-hub-dev/providers/Microsoft.Network/publicIPAddresses/database-ip",
            "idle_timeout_in_minutes": 4,
            "ip_address": "20.172.252.33",
            "ip_tags": {},
            "ip_version": "IPv4",
            "location": "eastus",
            "name": "database-ip",
            "public_ip_prefix_id": null,
            "resource_group_name": "rg-hub-dev",
            "reverse_fqdn": "",
            "sku": "Standard",
            "sku_tier": "Regional",
            "tags": {},
            "timeouts": null,
            "zones": []
          },
          "sensitive_attributes": [],
          "private": "eyJlMmJmYjczMC1lY2FhLTExZTYtOGY4OC0zNDM2M2JjN2M0YzAiOnsiY3JlYXRlIjoxODAwMDAwMDAwMDAwLCJkZWxldGUiOjE4MDAwMDAwMDAwMDAsInJlYWQiOjMwMDAwMDAwMDAwMCwidXBkYXRlIjoxODAwMDAwMDAwMDAwfX0=",
          "dependencies": [
            "module.resource_group.azurerm_resource_group.rg_block"
          ]
        },
        {
          "index_key": "frontend",
          "schema_version": 0,
          "attributes": {
            "allocation_method": "Static",
            "ddos_protection_mode": "VirtualNetworkInherited",
            "ddos_protection_plan_id": null,
            "domain_name_label": "",
            "domain_name_label_scope": "",
            "edge_zone": "",
            "fqdn": "",
            "id": "/subscriptions/7e2f7ebf-5ecb-4eb7-b323-9c9b4dc33557/resourceGroups/rg-hub-dev/providers/Microsoft.Network/publicIPAddresses/frontend-ip",
            "idle_timeout_in_minutes": 4,
            "ip_address": "20.231.85.26",
            "ip_tags": {},
            "ip_version": "IPv4",
            "location": "eastus",
            "name": "frontend-ip",
            "public_ip_prefix_id": null,
            "resource_group_name": "rg-hub-dev",
            "reverse_fqdn": "",
            "sku": "Standard",
            "sku_tier": "Regional",
            "tags": {},
            "timeouts": null,
            "zones": []
          },
          "sensitive_attributes": [],
          "private": "eyJlMmJmYjczMC1lY2FhLTExZTYtOGY4OC0zNDM2M2JjN2M0YzAiOnsiY3JlYXRlIjoxODAwMDAwMDAwMDAwLCJkZWxldGUiOjE4MDAwMDAwMDAwMDAsInJlYWQiOjMwMDAwMDAwMDAwMCwidXBkYXRlIjoxODAwMDAwMDAwMDAwfX0=",
          "dependencies": [
            "module.resource_group.azurerm_resource_group.rg_block"
          ]
        }
      ]
    },
    {
      "module": "module.resource_group",
      "mode": "managed",
      "type": "azurerm_resource_group",
      "name": "rg_block",
      "provider": "provider[\"registry.terraform.io/hashicorp/azurerm\"]",
      "instances": [
        {
          "index_key": "rg1",
          "schema_version": 0,
          "attributes": {
            "id": "/subscriptions/7e2f7ebf-5ecb-4eb7-b323-9c9b4dc33557/resourceGroups/rg-hub-dev",
            "location": "eastus",
            "managed_by": "",
            "name": "rg-hub-dev",
            "tags": {},
            "timeouts": null
          },
          "sensitive_attributes": [],
          "private": "eyJlMmJmYjczMC1lY2FhLTExZTYtOGY4OC0zNDM2M2JjN2M0YzAiOnsiY3JlYXRlIjo1NDAwMDAwMDAwMDAwLCJkZWxldGUiOjU0MDAwMDAwMDAwMDAsInJlYWQiOjMwMDAwMDAwMDAwMCwidXBkYXRlIjo1NDAwMDAwMDAwMDAwfX0="
        }
      ]
    },
    {
      "module": "module.route_table",
      "mode": "managed",
      "type": "azurerm_route_table",
      "name": "route_table_block",
      "provider": "provider[\"registry.terraform.io/hashicorp/azurerm\"]",
      "instances": [
        {
          "index_key": "routetable1",
          "schema_version": 0,
          "attributes": {
            "bgp_route_propagation_enabled": true,
            "id": "/subscriptions/7e2f7ebf-5ecb-4eb7-b323-9c9b4dc33557/resourceGroups/rg-hub-dev/providers/Microsoft.Network/routeTables/route-table-hub-dev",
            "location": "eastus",
            "name": "route-table-hub-dev",
            "resource_group_name": "rg-hub-dev",
            "route": [
              {
                "address_prefix": "10.1.0.0/16",
                "name": "route1",
                "next_hop_in_ip_address": "",
                "next_hop_type": "VnetLocal"
              }
            ],
            "subnets": [],
            "tags": null,
            "timeouts": null
          },
          "sensitive_attributes": [],
          "private": "eyJlMmJmYjczMC1lY2FhLTExZTYtOGY4OC0zNDM2M2JjN2M0YzAiOnsiY3JlYXRlIjoxODAwMDAwMDAwMDAwLCJkZWxldGUiOjE4MDAwMDAwMDAwMDAsInJlYWQiOjMwMDAwMDAwMDAwMCwidXBkYXRlIjoxODAwMDAwMDAwMDAwfX0=",
          "dependencies": [
            "module.network_securitygroup.azurerm_network_security_group.nsg_block",
            "module.resource_group.azurerm_resource_group.rg_block",
            "module.subnet.azurerm_subnet.subnet_block",
            "module.virtualnetwork.azurerm_virtual_network.vnet_block"
          ]
        }
      ]
    },
    {
      "module": "module.subnet",
      "mode": "managed",
      "type": "azurerm_subnet",
      "name": "subnet_block",
      "provider": "provider[\"registry.terraform.io/hashicorp/azurerm\"]",
      "instances": [
        {
          "index_key": "subnets1",
          "schema_version": 0,
          "attributes": {
            "address_prefixes": [
              "10.0.1.0/24"
            ],
            "default_outbound_access_enabled": true,
            "delegation": [],
            "id": "/subscriptions/7e2f7ebf-5ecb-4eb7-b323-9c9b4dc33557/resourceGroups/rg-hub-dev/providers/Microsoft.Network/virtualNetworks/vnet-hub-dev/subnets/frontend-subnet",
            "ip_address_pool": [],
            "name": "frontend-subnet",
            "network_security_group_id": "",
            "network_security_group_id_wo": null,
            "network_security_group_id_wo_version": 0,
            "private_endpoint_network_policies": "Disabled",
            "private_link_service_network_policies_enabled": true,
            "resource_group_name": "rg-hub-dev",
            "route_table_id": "",
            "route_table_id_wo": null,
            "route_table_id_wo_version": 0,
            "service_endpoint": [],
            "service_endpoint_policy_ids": [],
            "sharing_scope": "",
            "timeouts": null,
            "virtual_network_name": "vnet-hub-dev"
          },
          "sensitive_attributes": [],
          "private": "eyJlMmJmYjczMC1lY2FhLTExZTYtOGY4OC0zNDM2M2JjN2M0YzAiOnsiY3JlYXRlIjoxODAwMDAwMDAwMDAwLCJkZWxldGUiOjE4MDAwMDAwMDAwMDAsInJlYWQiOjMwMDAwMDAwMDAwMCwidXBkYXRlIjoxODAwMDAwMDAwMDAwfX0=",
          "dependencies": [
            "module.resource_group.azurerm_resource_group.rg_block",
            "module.virtualnetwork.azurerm_virtual_network.vnet_block"
          ]
        },
        {
          "index_key": "subnets2",
          "schema_version": 0,
          "attributes": {
            "address_prefixes": [
              "10.0.2.0/24"
            ],
            "default_outbound_access_enabled": true,
            "delegation": [],
            "id": "/subscriptions/7e2f7ebf-5ecb-4eb7-b323-9c9b4dc33557/resourceGroups/rg-hub-dev/providers/Microsoft.Network/virtualNetworks/vnet-hub-dev/subnets/backend-subnet",
            "ip_address_pool": [],
            "name": "backend-subnet",
            "network_security_group_id": "",
            "network_security_group_id_wo": null,
            "network_security_group_id_wo_version": 0,
            "private_endpoint_network_policies": "Disabled",
            "private_link_service_network_policies_enabled": true,
            "resource_group_name": "rg-hub-dev",
            "route_table_id": "",
            "route_table_id_wo": null,
            "route_table_id_wo_version": 0,
            "service_endpoint": [],
            "service_endpoint_policy_ids": [],
            "sharing_scope": "",
            "timeouts": null,
            "virtual_network_name": "vnet-hub-dev"
          },
          "sensitive_attributes": [],
          "private": "eyJlMmJmYjczMC1lY2FhLTExZTYtOGY4OC0zNDM2M2JjN2M0YzAiOnsiY3JlYXRlIjoxODAwMDAwMDAwMDAwLCJkZWxldGUiOjE4MDAwMDAwMDAwMDAsInJlYWQiOjMwMDAwMDAwMDAwMCwidXBkYXRlIjoxODAwMDAwMDAwMDAwfX0=",
          "dependencies": [
            "module.resource_group.azurerm_resource_group.rg_block",
            "module.virtualnetwork.azurerm_virtual_network.vnet_block"
          ]
        },
        {
          "index_key": "subnets3",
          "schema_version": 0,
          "attributes": {
            "address_prefixes": [
              "10.0.3.0/24"
            ],
            "default_outbound_access_enabled": true,
            "delegation": [],
            "id": "/subscriptions/7e2f7ebf-5ecb-4eb7-b323-9c9b4dc33557/resourceGroups/rg-hub-dev/providers/Microsoft.Network/virtualNetworks/vnet-hub-dev/subnets/database-subnet",
            "ip_address_pool": [],
            "name": "database-subnet",
            "network_security_group_id": "",
            "network_security_group_id_wo": null,
            "network_security_group_id_wo_version": 0,
            "private_endpoint_network_policies": "Disabled",
            "private_link_service_network_policies_enabled": true,
            "resource_group_name": "rg-hub-dev",
            "route_table_id": "",
            "route_table_id_wo": null,
            "route_table_id_wo_version": 0,
            "service_endpoint": [],
            "service_endpoint_policy_ids": [],
            "sharing_scope": "",
            "timeouts": null,
            "virtual_network_name": "vnet-hub-dev"
          },
          "sensitive_attributes": [],
          "private": "eyJlMmJmYjczMC1lY2FhLTExZTYtOGY4OC0zNDM2M2JjN2M0YzAiOnsiY3JlYXRlIjoxODAwMDAwMDAwMDAwLCJkZWxldGUiOjE4MDAwMDAwMDAwMDAsInJlYWQiOjMwMDAwMDAwMDAwMCwidXBkYXRlIjoxODAwMDAwMDAwMDAwfX0=",
          "dependencies": [
            "module.resource_group.azurerm_resource_group.rg_block",
            "module.virtualnetwork.azurerm_virtual_network.vnet_block"
          ]
        }
      ]
    },
    {
      "module": "module.virtual_machine",
      "mode": "data",
      "type": "azurerm_subnet",
      "name": "subnet",
      "provider": "provider[\"registry.terraform.io/hashicorp/azurerm\"]",
      "instances": [
        {
          "index_key": "vm01",
          "schema_version": 0,
          "attributes": {
            "address_prefix": "",
            "address_prefixes": [
              "10.0.1.0/24"
            ],
            "default_outbound_access_enabled": true,
            "id": "/subscriptions/7e2f7ebf-5ecb-4eb7-b323-9c9b4dc33557/resourceGroups/rg-hub-dev/providers/Microsoft.Network/virtualNetworks/vnet-hub-dev/subnets/frontend-subnet",
            "name": "frontend-subnet",
            "network_security_group_id": "",
            "private_endpoint_network_policies": "Disabled",
            "private_link_service_network_policies_enabled": true,
            "resource_group_name": "rg-hub-dev",
            "route_table_id": "",
            "service_endpoint": [],
            "timeouts": null,
            "virtual_network_name": "vnet-hub-dev"
          },
          "sensitive_attributes": []
        },
        {
          "index_key": "vm02",
          "schema_version": 0,
          "attributes": {
            "address_prefix": "",
            "address_prefixes": [
              "10.0.2.0/24"
            ],
            "default_outbound_access_enabled": true,
            "id": "/subscriptions/7e2f7ebf-5ecb-4eb7-b323-9c9b4dc33557/resourceGroups/rg-hub-dev/providers/Microsoft.Network/virtualNetworks/vnet-hub-dev/subnets/backend-subnet",
            "name": "backend-subnet",
            "network_security_group_id": "",
            "private_endpoint_network_policies": "Disabled",
            "private_link_service_network_policies_enabled": true,
            "resource_group_name": "rg-hub-dev",
            "route_table_id": "",
            "service_endpoint": [],
            "timeouts": null,
            "virtual_network_name": "vnet-hub-dev"
          },
          "sensitive_attributes": []
        },
        {
          "index_key": "vm03",
          "schema_version": 0,
          "attributes": {
            "address_prefix": "",
            "address_prefixes": [
              "10.0.3.0/24"
            ],
            "default_outbound_access_enabled": true,
            "id": "/subscriptions/7e2f7ebf-5ecb-4eb7-b323-9c9b4dc33557/resourceGroups/rg-hub-dev/providers/Microsoft.Network/virtualNetworks/vnet-hub-dev/subnets/database-subnet",
            "name": "database-subnet",
            "network_security_group_id": "",
            "private_endpoint_network_policies": "Disabled",
            "private_link_service_network_policies_enabled": true,
            "resource_group_name": "rg-hub-dev",
            "route_table_id": "",
            "service_endpoint": [],
            "timeouts": null,
            "virtual_network_name": "vnet-hub-dev"
          },
          "sensitive_attributes": []
        }
      ]
    },
    {
      "module": "module.virtualnetwork",
      "mode": "managed",
      "type": "azurerm_virtual_network",
      "name": "vnet_block",
      "provider": "provider[\"registry.terraform.io/hashicorp/azurerm\"]",
      "instances": [
        {
          "index_key": "vnet1",
          "schema_version": 0,
          "attributes": {
            "address_space": [
              "10.0.0.0/16"
            ],
            "bgp_community": "",
            "ddos_protection_plan": [],
            "dns_servers": [],
            "edge_zone": "",
            "encryption": [],
            "flow_timeout_in_minutes": 0,
            "guid": "b061ccd3-de67-43f5-a47c-52cbba4ee1a6",
            "id": "/subscriptions/7e2f7ebf-5ecb-4eb7-b323-9c9b4dc33557/resourceGroups/rg-hub-dev/providers/Microsoft.Network/virtualNetworks/vnet-hub-dev",
            "ip_address_pool": [],
            "location": "eastus",
            "name": "vnet-hub-dev",
            "private_endpoint_vnet_policies": "Disabled",
            "resource_group_name": "rg-hub-dev",
            "subnet": [
              {
                "address_prefixes": [
                  "10.0.1.0/24"
                ],
                "default_outbound_access_enabled": true,
                "delegation": [],
                "id": "/subscriptions/7e2f7ebf-5ecb-4eb7-b323-9c9b4dc33557/resourceGroups/rg-hub-dev/providers/Microsoft.Network/virtualNetworks/vnet-hub-dev/subnets/frontend-subnet",
                "name": "frontend-subnet",
                "private_endpoint_network_policies": "Disabled",
                "private_link_service_network_policies_enabled": true,
                "route_table_id": "",
                "security_group": "",
                "service_endpoint": [],
                "service_endpoint_policy_ids": []
              },
              {
                "address_prefixes": [
                  "10.0.2.0/24"
                ],
                "default_outbound_access_enabled": true,
                "delegation": [],
                "id": "/subscriptions/7e2f7ebf-5ecb-4eb7-b323-9c9b4dc33557/resourceGroups/rg-hub-dev/providers/Microsoft.Network/virtualNetworks/vnet-hub-dev/subnets/backend-subnet",
                "name": "backend-subnet",
                "private_endpoint_network_policies": "Disabled",
                "private_link_service_network_policies_enabled": true,
                "route_table_id": "",
                "security_group": "",
                "service_endpoint": [],
                "service_endpoint_policy_ids": []
              },
              {
                "address_prefixes": [
                  "10.0.3.0/24"
                ],
                "default_outbound_access_enabled": true,
                "delegation": [],
                "id": "/subscriptions/7e2f7ebf-5ecb-4eb7-b323-9c9b4dc33557/resourceGroups/rg-hub-dev/providers/Microsoft.Network/virtualNetworks/vnet-hub-dev/subnets/database-subnet",
                "name": "database-subnet",
                "private_endpoint_network_policies": "Disabled",
                "private_link_service_network_policies_enabled": true,
                "route_table_id": "",
                "security_group": "",
                "service_endpoint": [],
                "service_endpoint_policy_ids": []
              }
            ],
            "tags": {},
            "timeouts": null
          },
          "sensitive_attributes": [],
          "private": "eyJlMmJmYjczMC1lY2FhLTExZTYtOGY4OC0zNDM2M2JjN2M0YzAiOnsiY3JlYXRlIjoxODAwMDAwMDAwMDAwLCJkZWxldGUiOjE4MDAwMDAwMDAwMDAsInJlYWQiOjMwMDAwMDAwMDAwMCwidXBkYXRlIjoxODAwMDAwMDAwMDAwfX0=",
          "dependencies": [
            "module.resource_group.azurerm_resource_group.rg_block"
          ]
        }
      ]
    }
  ],
  "check_results": null
}
